
Microsoft Visual Studio Solution File, Format Version 12.00
# Visual Studio Version 17
VisualStudioVersion = 17.0.32002.185
MinimumVisualStudioVersion = 10.0.40219.1
Project("{8BC9CEB8-8B4A-11D0-8D11-00A0C91BC942}") = "0-10 AVLTree", "0-10 AVLTree\0-10 AVLTree.vcxproj", "{D0CF2832-BA69-4C41-9A0B-A11877FF4159}"
EndProject
Project("{8BC9CEB8-8B4A-11D0-8D11-00A0C91BC942}") = "1-01 Vector", "1-01 Vector\1-01 Vector.vcxproj", "{F88EA3BC-925A-4AC3-8395-08C6131D2383}"
EndProject
Project("{8BC9CEB8-8B4A-11D0-8D11-00A0C91BC942}") = "1-02 List", "1-02 List\1-02 List.vcxproj", "{4D12BAF8-5700-41BA-BC37-C0D4BF8E949A}"
EndProject
Project("{8BC9CEB8-8B4A-11D0-8D11-00A0C91BC942}") = "1-03 Stack", "1-03 Stack\1-03 Stack.vcxproj", "{51AD8D5F-2C53-4254-BD02-4AEBD4069DCA}"
EndProject
Project("{8BC9CEB8-8B4A-11D0-8D11-00A0C91BC942}") = "1-04 Queue", "1-04 Queue\1-04 Queue.vcxproj", "{8DCE34D6-F38F-4E9D-82D0-2E1511D2B051}"
EndProject
Project("{8BC9CEB8-8B4A-11D0-8D11-00A0C91BC942}") = "1-10 Map", "1-10 Map\1-10 Map.vcxproj", "{31767963-81A8-48F9-8E0A-4405BD8FC126}"
EndProject
Project("{8BC9CEB8-8B4A-11D0-8D11-00A0C91BC942}") = "0-09 BST", "0-09 BST\0-09 BST.vcxproj", "{AE2B41C1-4AD2-473E-80FB-7B553EDFB380}"
EndProject
Project("{8BC9CEB8-8B4A-11D0-8D11-00A0C91BC942}") = "2-01 SmartPtr", "2-01 SmartPtr\2-01 SmartPtr.vcxproj", "{5CE6DABC-F7FA-41A5-BEBD-FA7CAC539596}"
EndProject
Project("{8BC9CEB8-8B4A-11D0-8D11-00A0C91BC942}") = "3-01 Socket_Server", "3-01 Socket_Server\3-01 Socket_Server.vcxproj", "{55C9CCFC-9247-4F8E-BCBB-10CF0CA464A3}"
EndProject
Project("{8BC9CEB8-8B4A-11D0-8D11-00A0C91BC942}") = "3-02 Socket_Client", "3-02 Socket_Client\3-02 Socket_Client.vcxproj", "{9358A906-0523-48D4-8B1F-A9BB6DA36BB3}"
EndProject
Project("{8BC9CEB8-8B4A-11D0-8D11-00A0C91BC942}") = "0-01 Sort_Select", "0-01 Sort_Select\0-01 Sort_Select.vcxproj", "{E0938FDA-DB5A-4A5F-B46B-CB317D468FC3}"
EndProject
Project("{8BC9CEB8-8B4A-11D0-8D11-00A0C91BC942}") = "0-02 Sort_Bubble", "0-02 Sort_Bubble\0-02 Sort_Bubble.vcxproj", "{F0130484-5AEC-45E9-B086-9822B4605F02}"
EndProject
Project("{8BC9CEB8-8B4A-11D0-8D11-00A0C91BC942}") = "0-03 Sort_Insert", "0-03 Sort_Insert\0-03 Sort_Insert.vcxproj", "{C8F84B23-12D4-4CDE-8981-9A17E0D41CE6}"
EndProject
Project("{8BC9CEB8-8B4A-11D0-8D11-00A0C91BC942}") = "0-04 Sort_Merge", "0-04 Sort_Merge\0-04 Sort_Merge.vcxproj", "{499E96E6-4FC8-415B-A338-9B026073E8B2}"
EndProject
Project("{8BC9CEB8-8B4A-11D0-8D11-00A0C91BC942}") = "0-05 Sort_Bucket", "0-05 Sort_Bucket\0-05 Sort_Bucket.vcxproj", "{90880643-FE38-47E6-9FCF-59803127408C}"
EndProject
Project("{8BC9CEB8-8B4A-11D0-8D11-00A0C91BC942}") = "0-08 Sort_Quick", "0-08 Sort_Quick\0-08 Sort_Quick.vcxproj", "{91B9CB50-2F30-4675-BE9A-905704BC47BA}"
EndProject
Project("{8BC9CEB8-8B4A-11D0-8D11-00A0C91BC942}") = "0-06 Sort_Radix", "0-06 Sort_Radix\0-06 Sort_Radix.vcxproj", "{71FEBF0A-120F-4933-952E-957C16D2A1A5}"
EndProject
Project("{8BC9CEB8-8B4A-11D0-8D11-00A0C91BC942}") = "0-07 Sort_Shell", "0-07 Sort_Shell\0-07 Sort_Shell.vcxproj", "{3DB96436-31DF-47B4-B186-6D5933AA5AE8}"
EndProject
Global
	GlobalSection(SolutionConfigurationPlatforms) = preSolution
		Debug|x64 = Debug|x64
		Debug|x86 = Debug|x86
		Release|x64 = Release|x64
		Release|x86 = Release|x86
	EndGlobalSection
	GlobalSection(ProjectConfigurationPlatforms) = postSolution
		{D0CF2832-BA69-4C41-9A0B-A11877FF4159}.Debug|x64.ActiveCfg = Debug|x64
		{D0CF2832-BA69-4C41-9A0B-A11877FF4159}.Debug|x64.Build.0 = Debug|x64
		{D0CF2832-BA69-4C41-9A0B-A11877FF4159}.Debug|x86.ActiveCfg = Debug|Win32
		{D0CF2832-BA69-4C41-9A0B-A11877FF4159}.Debug|x86.Build.0 = Debug|Win32
		{D0CF2832-BA69-4C41-9A0B-A11877FF4159}.Release|x64.ActiveCfg = Release|x64
		{D0CF2832-BA69-4C41-9A0B-A11877FF4159}.Release|x64.Build.0 = Release|x64
		{D0CF2832-BA69-4C41-9A0B-A11877FF4159}.Release|x86.ActiveCfg = Release|Win32
		{D0CF2832-BA69-4C41-9A0B-A11877FF4159}.Release|x86.Build.0 = Release|Win32
		{F88EA3BC-925A-4AC3-8395-08C6131D2383}.Debug|x64.ActiveCfg = Debug|x64
		{F88EA3BC-925A-4AC3-8395-08C6131D2383}.Debug|x64.Build.0 = Debug|x64
		{F88EA3BC-925A-4AC3-8395-08C6131D2383}.Debug|x86.ActiveCfg = Debug|Win32
		{F88EA3BC-925A-4AC3-8395-08C6131D2383}.Debug|x86.Build.0 = Debug|Win32
		{F88EA3BC-925A-4AC3-8395-08C6131D2383}.Release|x64.ActiveCfg = Release|x64
		{F88EA3BC-925A-4AC3-8395-08C6131D2383}.Release|x64.Build.0 = Release|x64
		{F88EA3BC-925A-4AC3-8395-08C6131D2383}.Release|x86.ActiveCfg = Release|Win32
		{F88EA3BC-925A-4AC3-8395-08C6131D2383}.Release|x86.Build.0 = Release|Win32
		{4D12BAF8-5700-41BA-BC37-C0D4BF8E949A}.Debug|x64.ActiveCfg = Debug|x64
		{4D12BAF8-5700-41BA-BC37-C0D4BF8E949A}.Debug|x64.Build.0 = Debug|x64
		{4D12BAF8-5700-41BA-BC37-C0D4BF8E949A}.Debug|x86.ActiveCfg = Debug|Win32
		{4D12BAF8-5700-41BA-BC37-C0D4BF8E949A}.Debug|x86.Build.0 = Debug|Win32
		{4D12BAF8-5700-41BA-BC37-C0D4BF8E949A}.Release|x64.ActiveCfg = Release|x64
		{4D12BAF8-5700-41BA-BC37-C0D4BF8E949A}.Release|x64.Build.0 = Release|x64
		{4D12BAF8-5700-41BA-BC37-C0D4BF8E949A}.Release|x86.ActiveCfg = Release|Win32
		{4D12BAF8-5700-41BA-BC37-C0D4BF8E949A}.Release|x86.Build.0 = Release|Win32
		{51AD8D5F-2C53-4254-BD02-4AEBD4069DCA}.Debug|x64.ActiveCfg = Debug|x64
		{51AD8D5F-2C53-4254-BD02-4AEBD4069DCA}.Debug|x64.Build.0 = Debug|x64
		{51AD8D5F-2C53-4254-BD02-4AEBD4069DCA}.Debug|x86.ActiveCfg = Debug|Win32
		{51AD8D5F-2C53-4254-BD02-4AEBD4069DCA}.Debug|x86.Build.0 = Debug|Win32
		{51AD8D5F-2C53-4254-BD02-4AEBD4069DCA}.Release|x64.ActiveCfg = Release|x64
		{51AD8D5F-2C53-4254-BD02-4AEBD4069DCA}.Release|x64.Build.0 = Release|x64
		{51AD8D5F-2C53-4254-BD02-4AEBD4069DCA}.Release|x86.ActiveCfg = Release|Win32
		{51AD8D5F-2C53-4254-BD02-4AEBD4069DCA}.Release|x86.Build.0 = Release|Win32
		{8DCE34D6-F38F-4E9D-82D0-2E1511D2B051}.Debug|x64.ActiveCfg = Debug|x64
		{8DCE34D6-F38F-4E9D-82D0-2E1511D2B051}.Debug|x64.Build.0 = Debug|x64
		{8DCE34D6-F38F-4E9D-82D0-2E1511D2B051}.Debug|x86.ActiveCfg = Debug|Win32
		{8DCE34D6-F38F-4E9D-82D0-2E1511D2B051}.Debug|x86.Build.0 = Debug|Win32
		{8DCE34D6-F38F-4E9D-82D0-2E1511D2B051}.Release|x64.ActiveCfg = Release|x64
		{8DCE34D6-F38F-4E9D-82D0-2E1511D2B051}.Release|x64.Build.0 = Release|x64
		{8DCE34D6-F38F-4E9D-82D0-2E1511D2B051}.Release|x86.ActiveCfg = Release|Win32
		{8DCE34D6-F38F-4E9D-82D0-2E1511D2B051}.Release|x86.Build.0 = Release|Win32
		{31767963-81A8-48F9-8E0A-4405BD8FC126}.Debug|x64.ActiveCfg = Debug|x64
		{31767963-81A8-48F9-8E0A-4405BD8FC126}.Debug|x64.Build.0 = Debug|x64
		{31767963-81A8-48F9-8E0A-4405BD8FC126}.Debug|x86.ActiveCfg = Debug|Win32
		{31767963-81A8-48F9-8E0A-4405BD8FC126}.Debug|x86.Build.0 = Debug|Win32
		{31767963-81A8-48F9-8E0A-4405BD8FC126}.Release|x64.ActiveCfg = Release|x64
		{31767963-81A8-48F9-8E0A-4405BD8FC126}.Release|x64.Build.0 = Release|x64
		{31767963-81A8-48F9-8E0A-4405BD8FC126}.Release|x86.ActiveCfg = Release|Win32
		{31767963-81A8-48F9-8E0A-4405BD8FC126}.Release|x86.Build.0 = Release|Win32
		{AE2B41C1-4AD2-473E-80FB-7B553EDFB380}.Debug|x64.ActiveCfg = Debug|x64
		{AE2B41C1-4AD2-473E-80FB-7B553EDFB380}.Debug|x64.Build.0 = Debug|x64
		{AE2B41C1-4AD2-473E-80FB-7B553EDFB380}.Debug|x86.ActiveCfg = Debug|Win32
		{AE2B41C1-4AD2-473E-80FB-7B553EDFB380}.Debug|x86.Build.0 = Debug|Win32
		{AE2B41C1-4AD2-473E-80FB-7B553EDFB380}.Release|x64.ActiveCfg = Release|x64
		{AE2B41C1-4AD2-473E-80FB-7B553EDFB380}.Release|x64.Build.0 = Release|x64
		{AE2B41C1-4AD2-473E-80FB-7B553EDFB380}.Release|x86.ActiveCfg = Release|Win32
		{AE2B41C1-4AD2-473E-80FB-7B553EDFB380}.Release|x86.Build.0 = Release|Win32
		{5CE6DABC-F7FA-41A5-BEBD-FA7CAC539596}.Debug|x64.ActiveCfg = Debug|x64
		{5CE6DABC-F7FA-41A5-BEBD-FA7CAC539596}.Debug|x64.Build.0 = Debug|x64
		{5CE6DABC-F7FA-41A5-BEBD-FA7CAC539596}.Debug|x86.ActiveCfg = Debug|Win32
		{5CE6DABC-F7FA-41A5-BEBD-FA7CAC539596}.Debug|x86.Build.0 = Debug|Win32
		{5CE6DABC-F7FA-41A5-BEBD-FA7CAC539596}.Release|x64.ActiveCfg = Release|x64
		{5CE6DABC-F7FA-41A5-BEBD-FA7CAC539596}.Release|x64.Build.0 = Release|x64
		{5CE6DABC-F7FA-41A5-BEBD-FA7CAC539596}.Release|x86.ActiveCfg = Release|Win32
		{5CE6DABC-F7FA-41A5-BEBD-FA7CAC539596}.Release|x86.Build.0 = Release|Win32
		{55C9CCFC-9247-4F8E-BCBB-10CF0CA464A3}.Debug|x64.ActiveCfg = Debug|x64
		{55C9CCFC-9247-4F8E-BCBB-10CF0CA464A3}.Debug|x64.Build.0 = Debug|x64
		{55C9CCFC-9247-4F8E-BCBB-10CF0CA464A3}.Debug|x86.ActiveCfg = Debug|Win32
		{55C9CCFC-9247-4F8E-BCBB-10CF0CA464A3}.Debug|x86.Build.0 = Debug|Win32
		{55C9CCFC-9247-4F8E-BCBB-10CF0CA464A3}.Release|x64.ActiveCfg = Release|x64
		{55C9CCFC-9247-4F8E-BCBB-10CF0CA464A3}.Release|x64.Build.0 = Release|x64
		{55C9CCFC-9247-4F8E-BCBB-10CF0CA464A3}.Release|x86.ActiveCfg = Release|Win32
		{55C9CCFC-9247-4F8E-BCBB-10CF0CA464A3}.Release|x86.Build.0 = Release|Win32
		{9358A906-0523-48D4-8B1F-A9BB6DA36BB3}.Debug|x64.ActiveCfg = Debug|x64
		{9358A906-0523-48D4-8B1F-A9BB6DA36BB3}.Debug|x64.Build.0 = Debug|x64
		{9358A906-0523-48D4-8B1F-A9BB6DA36BB3}.Debug|x86.ActiveCfg = Debug|Win32
		{9358A906-0523-48D4-8B1F-A9BB6DA36BB3}.Debug|x86.Build.0 = Debug|Win32
		{9358A906-0523-48D4-8B1F-A9BB6DA36BB3}.Release|x64.ActiveCfg = Release|x64
		{9358A906-0523-48D4-8B1F-A9BB6DA36BB3}.Release|x64.Build.0 = Release|x64
		{9358A906-0523-48D4-8B1F-A9BB6DA36BB3}.Release|x86.ActiveCfg = Release|Win32
		{9358A906-0523-48D4-8B1F-A9BB6DA36BB3}.Release|x86.Build.0 = Release|Win32
		{E0938FDA-DB5A-4A5F-B46B-CB317D468FC3}.Debug|x64.ActiveCfg = Debug|x64
		{E0938FDA-DB5A-4A5F-B46B-CB317D468FC3}.Debug|x64.Build.0 = Debug|x64
		{E0938FDA-DB5A-4A5F-B46B-CB317D468FC3}.Debug|x86.ActiveCfg = Debug|Win32
		{E0938FDA-DB5A-4A5F-B46B-CB317D468FC3}.Debug|x86.Build.0 = Debug|Win32
		{E0938FDA-DB5A-4A5F-B46B-CB317D468FC3}.Release|x64.ActiveCfg = Release|x64
		{E0938FDA-DB5A-4A5F-B46B-CB317D468FC3}.Release|x64.Build.0 = Release|x64
		{E0938FDA-DB5A-4A5F-B46B-CB317D468FC3}.Release|x86.ActiveCfg = Release|Win32
		{E0938FDA-DB5A-4A5F-B46B-CB317D468FC3}.Release|x86.Build.0 = Release|Win32
		{F0130484-5AEC-45E9-B086-9822B4605F02}.Debug|x64.ActiveCfg = Debug|x64
		{F0130484-5AEC-45E9-B086-9822B4605F02}.Debug|x64.Build.0 = Debug|x64
		{F0130484-5AEC-45E9-B086-9822B4605F02}.Debug|x86.ActiveCfg = Debug|Win32
		{F0130484-5AEC-45E9-B086-9822B4605F02}.Debug|x86.Build.0 = Debug|Win32
		{F0130484-5AEC-45E9-B086-9822B4605F02}.Release|x64.ActiveCfg = Release|x64
		{F0130484-5AEC-45E9-B086-9822B4605F02}.Release|x64.Build.0 = Release|x64
		{F0130484-5AEC-45E9-B086-9822B4605F02}.Release|x86.ActiveCfg = Release|Win32
		{F0130484-5AEC-45E9-B086-9822B4605F02}.Release|x86.Build.0 = Release|Win32
		{C8F84B23-12D4-4CDE-8981-9A17E0D41CE6}.Debug|x64.ActiveCfg = Debug|x64
		{C8F84B23-12D4-4CDE-8981-9A17E0D41CE6}.Debug|x64.Build.0 = Debug|x64
		{C8F84B23-12D4-4CDE-8981-9A17E0D41CE6}.Debug|x86.ActiveCfg = Debug|Win32
		{C8F84B23-12D4-4CDE-8981-9A17E0D41CE6}.Debug|x86.Build.0 = Debug|Win32
		{C8F84B23-12D4-4CDE-8981-9A17E0D41CE6}.Release|x64.ActiveCfg = Release|x64
		{C8F84B23-12D4-4CDE-8981-9A17E0D41CE6}.Release|x64.Build.0 = Release|x64
		{C8F84B23-12D4-4CDE-8981-9A17E0D41CE6}.Release|x86.ActiveCfg = Release|Win32
		{C8F84B23-12D4-4CDE-8981-9A17E0D41CE6}.Release|x86.Build.0 = Release|Win32
		{499E96E6-4FC8-415B-A338-9B026073E8B2}.Debug|x64.ActiveCfg = Debug|x64
		{499E96E6-4FC8-415B-A338-9B026073E8B2}.Debug|x64.Build.0 = Debug|x64
		{499E96E6-4FC8-415B-A338-9B026073E8B2}.Debug|x86.ActiveCfg = Debug|Win32
		{499E96E6-4FC8-415B-A338-9B026073E8B2}.Debug|x86.Build.0 = Debug|Win32
		{499E96E6-4FC8-415B-A338-9B026073E8B2}.Release|x64.ActiveCfg = Release|x64
		{499E96E6-4FC8-415B-A338-9B026073E8B2}.Release|x64.Build.0 = Release|x64
		{499E96E6-4FC8-415B-A338-9B026073E8B2}.Release|x86.ActiveCfg = Release|Win32
		{499E96E6-4FC8-415B-A338-9B026073E8B2}.Release|x86.Build.0 = Release|Win32
		{90880643-FE38-47E6-9FCF-59803127408C}.Debug|x64.ActiveCfg = Debug|x64
		{90880643-FE38-47E6-9FCF-59803127408C}.Debug|x64.Build.0 = Debug|x64
		{90880643-FE38-47E6-9FCF-59803127408C}.Debug|x86.ActiveCfg = Debug|Win32
		{90880643-FE38-47E6-9FCF-59803127408C}.Debug|x86.Build.0 = Debug|Win32
		{90880643-FE38-47E6-9FCF-59803127408C}.Release|x64.ActiveCfg = Release|x64
		{90880643-FE38-47E6-9FCF-59803127408C}.Release|x64.Build.0 = Release|x64
		{90880643-FE38-47E6-9FCF-59803127408C}.Release|x86.ActiveCfg = Release|Win32
		{90880643-FE38-47E6-9FCF-59803127408C}.Release|x86.Build.0 = Release|Win32
		{91B9CB50-2F30-4675-BE9A-905704BC47BA}.Debug|x64.ActiveCfg = Debug|x64
		{91B9CB50-2F30-4675-BE9A-905704BC47BA}.Debug|x64.Build.0 = Debug|x64
		{91B9CB50-2F30-4675-BE9A-905704BC47BA}.Debug|x86.ActiveCfg = Debug|Win32
		{91B9CB50-2F30-4675-BE9A-905704BC47BA}.Debug|x86.Build.0 = Debug|Win32
		{91B9CB50-2F30-4675-BE9A-905704BC47BA}.Release|x64.ActiveCfg = Release|x64
		{91B9CB50-2F30-4675-BE9A-905704BC47BA}.Release|x64.Build.0 = Release|x64
		{91B9CB50-2F30-4675-BE9A-905704BC47BA}.Release|x86.ActiveCfg = Release|Win32
		{91B9CB50-2F30-4675-BE9A-905704BC47BA}.Release|x86.Build.0 = Release|Win32
		{71FEBF0A-120F-4933-952E-957C16D2A1A5}.Debug|x64.ActiveCfg = Debug|x64
		{71FEBF0A-120F-4933-952E-957C16D2A1A5}.Debug|x64.Build.0 = Debug|x64
		{71FEBF0A-120F-4933-952E-957C16D2A1A5}.Debug|x86.ActiveCfg = Debug|Win32
		{71FEBF0A-120F-4933-952E-957C16D2A1A5}.Debug|x86.Build.0 = Debug|Win32
		{71FEBF0A-120F-4933-952E-957C16D2A1A5}.Release|x64.ActiveCfg = Release|x64
		{71FEBF0A-120F-4933-952E-957C16D2A1A5}.Release|x64.Build.0 = Release|x64
		{71FEBF0A-120F-4933-952E-957C16D2A1A5}.Release|x86.ActiveCfg = Release|Win32
		{71FEBF0A-120F-4933-952E-957C16D2A1A5}.Release|x86.Build.0 = Release|Win32
		{3DB96436-31DF-47B4-B186-6D5933AA5AE8}.Debug|x64.ActiveCfg = Debug|x64
		{3DB96436-31DF-47B4-B186-6D5933AA5AE8}.Debug|x64.Build.0 = Debug|x64
		{3DB96436-31DF-47B4-B186-6D5933AA5AE8}.Debug|x86.ActiveCfg = Debug|Win32
		{3DB96436-31DF-47B4-B186-6D5933AA5AE8}.Debug|x86.Build.0 = Debug|Win32
		{3DB96436-31DF-47B4-B186-6D5933AA5AE8}.Release|x64.ActiveCfg = Release|x64
		{3DB96436-31DF-47B4-B186-6D5933AA5AE8}.Release|x64.Build.0 = Release|x64
		{3DB96436-31DF-47B4-B186-6D5933AA5AE8}.Release|x86.ActiveCfg = Release|Win32
		{3DB96436-31DF-47B4-B186-6D5933AA5AE8}.Release|x86.Build.0 = Release|Win32
	EndGlobalSection
	GlobalSection(SolutionProperties) = preSolution
		HideSolutionNode = FALSE
	EndGlobalSection
	GlobalSection(ExtensibilityGlobals) = postSolution
		SolutionGuid = {0CA3AC9F-4BEC-4C52-B63B-69C575AB50FE}
	EndGlobalSection
EndGlobal
